
Microsoft Visual Studio Solution File, Format Version 12.00
# Visual Studio 15
VisualStudioVersion = 15.0.28010.2036
MinimumVisualStudioVersion = 10.0.40219.1
Project("{FAE04EC0-301F-11D3-BF4B-00C04F79EFBC}") = "Patterns", "Patterns\Patterns.csproj", "{DB40AD63-D3F0-4CD8-840D-BC68CA9F60C4}"
EndProject
Global
	GlobalSection(SolutionConfigurationPlatforms) = preSolution
		Debug|Any CPU = Debug|Any CPU
		Release|Any CPU = Release|Any CPU
	EndGlobalSection
	GlobalSection(ProjectConfigurationPlatforms) = postSolution
		{DB40AD63-D3F0-4CD8-840D-BC68CA9F60C4}.Debug|Any CPU.ActiveCfg = Debug|Any CPU
		{DB40AD63-D3F0-4CD8-840D-BC68CA9F60C4}.Debug|Any CPU.Build.0 = Debug|Any CPU
		{DB40AD63-D3F0-4CD8-840D-BC68CA9F60C4}.Release|Any CPU.ActiveCfg = Release|Any CPU
		{DB40AD63-D3F0-4CD8-840D-BC68CA9F60C4}.Release|Any CPU.Build.0 = Release|Any CPU
	EndGlobalSection
	GlobalSection(SolutionProperties) = preSolution
		HideSolutionNode = FALSE
	EndGlobalSection
	GlobalSection(ExtensibilityGlobals) = postSolution
		SolutionGuid = {B93E080A-009B-4825-853C-B65CA1873837}
	EndGlobalSection
EndGlobal
